// !$*UTF8*$!
{
	archiveVersion = 1;
	classes = {
	};
	objectVersion = 50;
	objects = {

/* Begin PBXBuildFile section */
		A53BD55724BE247E0002182A /* UniversalDetailGoodsViewController.swift in Sources */ = {isa = PBXBuildFile; fileRef = A53BD55624BE247E0002182A /* UniversalDetailGoodsViewController.swift */; };
		A53BD55924BE31870002182A /* UniversalDetailPopUpViewController.swift in Sources */ = {isa = PBXBuildFile; fileRef = A53BD55824BE31870002182A /* UniversalDetailPopUpViewController.swift */; };
		A53BD55B24BE31AF0002182A /* UniversalDetailPopUpTableViewCell.swift in Sources */ = {isa = PBXBuildFile; fileRef = A53BD55A24BE31AF0002182A /* UniversalDetailPopUpTableViewCell.swift */; };
		A54AAE3E24B8FB18007EB792 /* OutletsSubcategoriesViewController.swift in Sources */ = {isa = PBXBuildFile; fileRef = A54AAE3D24B8FB18007EB792 /* OutletsSubcategoriesViewController.swift */; };
		A54AAE4024B8FB34007EB792 /* OutletsSubcategoriesTableViewCell.swift in Sources */ = {isa = PBXBuildFile; fileRef = A54AAE3F24B8FB34007EB792 /* OutletsSubcategoriesTableViewCell.swift */; };
		A54AAE4324B8FFB7007EB792 /* NewsSubcategoriesTableViewCell.swift in Sources */ = {isa = PBXBuildFile; fileRef = A54AAE4224B8FFB7007EB792 /* NewsSubcategoriesTableViewCell.swift */; };
		A54AAE4524B8FFCC007EB792 /* NewsSubcategoriesViewController.swift in Sources */ = {isa = PBXBuildFile; fileRef = A54AAE4424B8FFCC007EB792 /* NewsSubcategoriesViewController.swift */; };
		A54B031324C4D47D0000F79B /* SalesAttributesTableViewCell.swift in Sources */ = {isa = PBXBuildFile; fileRef = A54B031224C4D47D0000F79B /* SalesAttributesTableViewCell.swift */; };
		A54B312424B0E18A003E5D88 /* MensSubcategoriesViewController.swift in Sources */ = {isa = PBXBuildFile; fileRef = A54B312324B0E18A003E5D88 /* MensSubcategoriesViewController.swift */; };
		A54B312624B0E1F7003E5D88 /* MensSubcategoryTableViewCell.swift in Sources */ = {isa = PBXBuildFile; fileRef = A54B312524B0E1F7003E5D88 /* MensSubcategoryTableViewCell.swift */; };
		A54B312824B0F004003E5D88 /* GoodsLoader.swift in Sources */ = {isa = PBXBuildFile; fileRef = A54B312724B0F004003E5D88 /* GoodsLoader.swift */; };
		A54B3CFA24C0C61500BF7D2D /* SalesDetailViewController.swift in Sources */ = {isa = PBXBuildFile; fileRef = A54B3CF924C0C61500BF7D2D /* SalesDetailViewController.swift */; };
		A54B3CFC24C0E0BC00BF7D2D /* SalesPopUpViewController.swift in Sources */ = {isa = PBXBuildFile; fileRef = A54B3CFB24C0E0BC00BF7D2D /* SalesPopUpViewController.swift */; };
		A54B3CFE24C0E0D700BF7D2D /* SalesPopUpTableViewCell.swift in Sources */ = {isa = PBXBuildFile; fileRef = A54B3CFD24C0E0D700BF7D2D /* SalesPopUpTableViewCell.swift */; };
		A54CC89624A3818E0056513E /* ForgotPasswordViewController.swift in Sources */ = {isa = PBXBuildFile; fileRef = A54CC89524A3818E0056513E /* ForgotPasswordViewController.swift */; };
		A54CC89824A39DD50056513E /* ReturnViewController.swift in Sources */ = {isa = PBXBuildFile; fileRef = A54CC89724A39DD50056513E /* ReturnViewController.swift */; };
		A54D29F824C8862B0025E098 /* Persistance.swift in Sources */ = {isa = PBXBuildFile; fileRef = A54D29F724C8862B0025E098 /* Persistance.swift */; };
		A54DE4C824C19DD400D7386E /* HomePhonePopUpViewController.swift in Sources */ = {isa = PBXBuildFile; fileRef = A54DE4C724C19DD400D7386E /* HomePhonePopUpViewController.swift */; };
		A54DE4CA24C1A5DD00D7386E /* WorldWideDeliveryViewController.swift in Sources */ = {isa = PBXBuildFile; fileRef = A54DE4C924C1A5DD00D7386E /* WorldWideDeliveryViewController.swift */; };
		A54E24DB24B758C300158BDE /* ImageLoader.swift in Sources */ = {isa = PBXBuildFile; fileRef = A54E24DA24B758C300158BDE /* ImageLoader.swift */; };
		A54E24DD24B758D000158BDE /* OrderingArray.swift in Sources */ = {isa = PBXBuildFile; fileRef = A54E24DC24B758D000158BDE /* OrderingArray.swift */; };
		A54EB02F24BCDAF8001D0608 /* UniversalGoodsViewController.swift in Sources */ = {isa = PBXBuildFile; fileRef = A54EB02E24BCDAF8001D0608 /* UniversalGoodsViewController.swift */; };
		A54EB03124BCDC3E001D0608 /* UniversalGoodsCollectionViewCell.swift in Sources */ = {isa = PBXBuildFile; fileRef = A54EB03024BCDC3E001D0608 /* UniversalGoodsCollectionViewCell.swift */; };
		A54F25E524B869EA00567AF8 /* ChildrenSubcategoryTableViewCell.swift in Sources */ = {isa = PBXBuildFile; fileRef = A54F25E424B869EA00567AF8 /* ChildrenSubcategoryTableViewCell.swift */; };
		A54F25E724B86A0500567AF8 /* ChildrenSubcategoryViewController.swift in Sources */ = {isa = PBXBuildFile; fileRef = A54F25E624B86A0500567AF8 /* ChildrenSubcategoryViewController.swift */; };
		A54F25EA24B8795C00567AF8 /* AcsessoriesSubcategoriesViewController.swift in Sources */ = {isa = PBXBuildFile; fileRef = A54F25E924B8795C00567AF8 /* AcsessoriesSubcategoriesViewController.swift */; };
		A54F25EC24B8797E00567AF8 /* AcsessoriesSubcategoriesTableViewCell.swift in Sources */ = {isa = PBXBuildFile; fileRef = A54F25EB24B8797E00567AF8 /* AcsessoriesSubcategoriesTableViewCell.swift */; };
		A54F25EF24B8982700567AF8 /* CollectionsSubcategoriesTableViewCell.swift in Sources */ = {isa = PBXBuildFile; fileRef = A54F25EE24B8982700567AF8 /* CollectionsSubcategoriesTableViewCell.swift */; };
		A54F25F124B8984000567AF8 /* CollectionsSubcategoriesViewController.swift in Sources */ = {isa = PBXBuildFile; fileRef = A54F25F024B8984000567AF8 /* CollectionsSubcategoriesViewController.swift */; };
		A550286224A0E1F700774E0E /* AppDelegate.swift in Sources */ = {isa = PBXBuildFile; fileRef = A550286124A0E1F700774E0E /* AppDelegate.swift */; };
		A550286424A0E1F700774E0E /* SceneDelegate.swift in Sources */ = {isa = PBXBuildFile; fileRef = A550286324A0E1F700774E0E /* SceneDelegate.swift */; };
		A550286624A0E1F700774E0E /* SalesViewController.swift in Sources */ = {isa = PBXBuildFile; fileRef = A550286524A0E1F700774E0E /* SalesViewController.swift */; };
		A550286924A0E1F700774E0E /* Main.storyboard in Resources */ = {isa = PBXBuildFile; fileRef = A550286724A0E1F700774E0E /* Main.storyboard */; };
		A550286B24A0E1FB00774E0E /* Assets.xcassets in Resources */ = {isa = PBXBuildFile; fileRef = A550286A24A0E1FB00774E0E /* Assets.xcassets */; };
		A550286E24A0E1FB00774E0E /* LaunchScreen.storyboard in Resources */ = {isa = PBXBuildFile; fileRef = A550286C24A0E1FB00774E0E /* LaunchScreen.storyboard */; };
		A550287624A0F78E00774E0E /* TabBarController.swift in Sources */ = {isa = PBXBuildFile; fileRef = A550287524A0F78E00774E0E /* TabBarController.swift */; };
		A550287A24A1048100774E0E /* SalesStoryboard.storyboard in Resources */ = {isa = PBXBuildFile; fileRef = A550287924A1048100774E0E /* SalesStoryboard.storyboard */; };
		A550287C24A104A100774E0E /* ClothesStoryboard.storyboard in Resources */ = {isa = PBXBuildFile; fileRef = A550287B24A104A100774E0E /* ClothesStoryboard.storyboard */; };
		A550287E24A104AF00774E0E /* HomeStoryboard.storyboard in Resources */ = {isa = PBXBuildFile; fileRef = A550287D24A104AF00774E0E /* HomeStoryboard.storyboard */; };
		A550288024A104C900774E0E /* ShoppingBagStoryboard.storyboard in Resources */ = {isa = PBXBuildFile; fileRef = A550287F24A104C900774E0E /* ShoppingBagStoryboard.storyboard */; };
		A550288224A104D700774E0E /* ProfileStoryboard.storyboard in Resources */ = {isa = PBXBuildFile; fileRef = A550288124A104D700774E0E /* ProfileStoryboard.storyboard */; };
		A550288424A10B5F00774E0E /* ClothesViewController.swift in Sources */ = {isa = PBXBuildFile; fileRef = A550288324A10B5F00774E0E /* ClothesViewController.swift */; };
		A550288624A10B8A00774E0E /* HomeViewController.swift in Sources */ = {isa = PBXBuildFile; fileRef = A550288524A10B8A00774E0E /* HomeViewController.swift */; };
		A550288824A10B9E00774E0E /* ShoppingBagViewController.swift in Sources */ = {isa = PBXBuildFile; fileRef = A550288724A10B9E00774E0E /* ShoppingBagViewController.swift */; };
		A550288A24A10BA900774E0E /* ProfileViewController.swift in Sources */ = {isa = PBXBuildFile; fileRef = A550288924A10BA900774E0E /* ProfileViewController.swift */; };
		A55047E224C065E700DD27C0 /* SalesCollectionViewCell.swift in Sources */ = {isa = PBXBuildFile; fileRef = A55047E124C065E700DD27C0 /* SalesCollectionViewCell.swift */; };
		A5509BFA24A2009600C3EBD7 /* CategoryTableViewCell.swift in Sources */ = {isa = PBXBuildFile; fileRef = A5509BF924A2009600C3EBD7 /* CategoryTableViewCell.swift */; };
		A5509BFF24A208EF00C3EBD7 /* CategoriesLoader.swift in Sources */ = {isa = PBXBuildFile; fileRef = A5509BFE24A208EF00C3EBD7 /* CategoriesLoader.swift */; };
		A5509C0224A260D300C3EBD7 /* InformationTableViewCell.swift in Sources */ = {isa = PBXBuildFile; fileRef = A5509C0124A260D300C3EBD7 /* InformationTableViewCell.swift */; };
		A5509C0424A2625200C3EBD7 /* InformationCellData.swift in Sources */ = {isa = PBXBuildFile; fileRef = A5509C0324A2625200C3EBD7 /* InformationCellData.swift */; };
		A5509C0A24A2974A00C3EBD7 /* RegistrationViewController.swift in Sources */ = {isa = PBXBuildFile; fileRef = A5509C0924A2974A00C3EBD7 /* RegistrationViewController.swift */; };
		A552000724CB530500D04F9A /* Alert.swift in Sources */ = {isa = PBXBuildFile; fileRef = A552000624CB530500D04F9A /* Alert.swift */; };
		A553E1A624A5DDDB00EE61E1 /* CertificateViewController.swift in Sources */ = {isa = PBXBuildFile; fileRef = A553E1A524A5DDDB00EE61E1 /* CertificateViewController.swift */; };
		A553E1A824A6126B00EE61E1 /* SendAsAGiftCertificateViewController.swift in Sources */ = {isa = PBXBuildFile; fileRef = A553E1A724A6126B00EE61E1 /* SendAsAGiftCertificateViewController.swift */; };
		A553E1AA24A6189700EE61E1 /* SendYourselfContainerViewController.swift in Sources */ = {isa = PBXBuildFile; fileRef = A553E1A924A6189700EE61E1 /* SendYourselfContainerViewController.swift */; };
		A553E1AD24A61CC200EE61E1 /* SendAsATestContainerViewController.swift in Sources */ = {isa = PBXBuildFile; fileRef = A553E1AC24A61CC200EE61E1 /* SendAsATestContainerViewController.swift */; };
		A55922E924C59E89001DB104 /* AttributesTableViewCell.swift in Sources */ = {isa = PBXBuildFile; fileRef = A55922E824C59E89001DB104 /* AttributesTableViewCell.swift */; };
		A55922EB24C635A8001DB104 /* ProductsInShoppingBagViewController.swift in Sources */ = {isa = PBXBuildFile; fileRef = A55922EA24C635A7001DB104 /* ProductsInShoppingBagViewController.swift */; };
		A55922ED24C635CD001DB104 /* ProductsInShoppingBagTableViewCell.swift in Sources */ = {isa = PBXBuildFile; fileRef = A55922EC24C635CD001DB104 /* ProductsInShoppingBagTableViewCell.swift */; };
		A55922F024C636A2001DB104 /* Product.xcdatamodeld in Sources */ = {isa = PBXBuildFile; fileRef = A55922EE24C636A2001DB104 /* Product.xcdatamodeld */; };
		A55922F324C63725001DB104 /* Product+CoreDataClass.swift in Sources */ = {isa = PBXBuildFile; fileRef = A55922F124C63725001DB104 /* Product+CoreDataClass.swift */; };
		A55922F424C63725001DB104 /* Product+CoreDataProperties.swift in Sources */ = {isa = PBXBuildFile; fileRef = A55922F224C63725001DB104 /* Product+CoreDataProperties.swift */; };
		A55E6C5124B7BA1900E5CA46 /* WomensSubcategoriesViewController.swift in Sources */ = {isa = PBXBuildFile; fileRef = A55E6C5024B7BA1900E5CA46 /* WomensSubcategoriesViewController.swift */; };
		A55E6C5324B7BA3500E5CA46 /* WomensSubcategoriesTableViewCell.swift in Sources */ = {isa = PBXBuildFile; fileRef = A55E6C5224B7BA3400E5CA46 /* WomensSubcategoriesTableViewCell.swift */; };
/* End PBXBuildFile section */

/* Begin PBXFileReference section */
		A53BD55624BE247E0002182A /* UniversalDetailGoodsViewController.swift */ = {isa = PBXFileReference; lastKnownFileType = sourcecode.swift; path = UniversalDetailGoodsViewController.swift; sourceTree = "<group>"; };
		A53BD55824BE31870002182A /* UniversalDetailPopUpViewController.swift */ = {isa = PBXFileReference; lastKnownFileType = sourcecode.swift; path = UniversalDetailPopUpViewController.swift; sourceTree = "<group>"; };
		A53BD55A24BE31AF0002182A /* UniversalDetailPopUpTableViewCell.swift */ = {isa = PBXFileReference; lastKnownFileType = sourcecode.swift; path = UniversalDetailPopUpTableViewCell.swift; sourceTree = "<group>"; };
		A54AAE3D24B8FB18007EB792 /* OutletsSubcategoriesViewController.swift */ = {isa = PBXFileReference; lastKnownFileType = sourcecode.swift; path = OutletsSubcategoriesViewController.swift; sourceTree = "<group>"; };
		A54AAE3F24B8FB34007EB792 /* OutletsSubcategoriesTableViewCell.swift */ = {isa = PBXFileReference; lastKnownFileType = sourcecode.swift; path = OutletsSubcategoriesTableViewCell.swift; sourceTree = "<group>"; };
		A54AAE4224B8FFB7007EB792 /* NewsSubcategoriesTableViewCell.swift */ = {isa = PBXFileReference; lastKnownFileType = sourcecode.swift; path = NewsSubcategoriesTableViewCell.swift; sourceTree = "<group>"; };
		A54AAE4424B8FFCC007EB792 /* NewsSubcategoriesViewController.swift */ = {isa = PBXFileReference; lastKnownFileType = sourcecode.swift; path = NewsSubcategoriesViewController.swift; sourceTree = "<group>"; };
		A54B031224C4D47D0000F79B /* SalesAttributesTableViewCell.swift */ = {isa = PBXFileReference; lastKnownFileType = sourcecode.swift; path = SalesAttributesTableViewCell.swift; sourceTree = "<group>"; };
		A54B312324B0E18A003E5D88 /* MensSubcategoriesViewController.swift */ = {isa = PBXFileReference; lastKnownFileType = sourcecode.swift; path = MensSubcategoriesViewController.swift; sourceTree = "<group>"; };
		A54B312524B0E1F7003E5D88 /* MensSubcategoryTableViewCell.swift */ = {isa = PBXFileReference; lastKnownFileType = sourcecode.swift; path = MensSubcategoryTableViewCell.swift; sourceTree = "<group>"; };
		A54B312724B0F004003E5D88 /* GoodsLoader.swift */ = {isa = PBXFileReference; lastKnownFileType = sourcecode.swift; path = GoodsLoader.swift; sourceTree = "<group>"; };
		A54B3CF924C0C61500BF7D2D /* SalesDetailViewController.swift */ = {isa = PBXFileReference; lastKnownFileType = sourcecode.swift; path = SalesDetailViewController.swift; sourceTree = "<group>"; };
		A54B3CFB24C0E0BC00BF7D2D /* SalesPopUpViewController.swift */ = {isa = PBXFileReference; lastKnownFileType = sourcecode.swift; path = SalesPopUpViewController.swift; sourceTree = "<group>"; };
		A54B3CFD24C0E0D700BF7D2D /* SalesPopUpTableViewCell.swift */ = {isa = PBXFileReference; lastKnownFileType = sourcecode.swift; path = SalesPopUpTableViewCell.swift; sourceTree = "<group>"; };
		A54CC89524A3818E0056513E /* ForgotPasswordViewController.swift */ = {isa = PBXFileReference; lastKnownFileType = sourcecode.swift; path = ForgotPasswordViewController.swift; sourceTree = "<group>"; };
		A54CC89724A39DD50056513E /* ReturnViewController.swift */ = {isa = PBXFileReference; lastKnownFileType = sourcecode.swift; path = ReturnViewController.swift; sourceTree = "<group>"; };
		A54D29F724C8862B0025E098 /* Persistance.swift */ = {isa = PBXFileReference; lastKnownFileType = sourcecode.swift; path = Persistance.swift; sourceTree = "<group>"; };
		A54DE4C724C19DD400D7386E /* HomePhonePopUpViewController.swift */ = {isa = PBXFileReference; lastKnownFileType = sourcecode.swift; path = HomePhonePopUpViewController.swift; sourceTree = "<group>"; };
		A54DE4C924C1A5DD00D7386E /* WorldWideDeliveryViewController.swift */ = {isa = PBXFileReference; lastKnownFileType = sourcecode.swift; path = WorldWideDeliveryViewController.swift; sourceTree = "<group>"; };
		A54E24DA24B758C300158BDE /* ImageLoader.swift */ = {isa = PBXFileReference; lastKnownFileType = sourcecode.swift; path = ImageLoader.swift; sourceTree = "<group>"; };
		A54E24DC24B758D000158BDE /* OrderingArray.swift */ = {isa = PBXFileReference; lastKnownFileType = sourcecode.swift; path = OrderingArray.swift; sourceTree = "<group>"; };
		A54EB02E24BCDAF8001D0608 /* UniversalGoodsViewController.swift */ = {isa = PBXFileReference; lastKnownFileType = sourcecode.swift; path = UniversalGoodsViewController.swift; sourceTree = "<group>"; };
		A54EB03024BCDC3E001D0608 /* UniversalGoodsCollectionViewCell.swift */ = {isa = PBXFileReference; lastKnownFileType = sourcecode.swift; path = UniversalGoodsCollectionViewCell.swift; sourceTree = "<group>"; };
		A54F25E424B869EA00567AF8 /* ChildrenSubcategoryTableViewCell.swift */ = {isa = PBXFileReference; lastKnownFileType = sourcecode.swift; path = ChildrenSubcategoryTableViewCell.swift; sourceTree = "<group>"; };
		A54F25E624B86A0500567AF8 /* ChildrenSubcategoryViewController.swift */ = {isa = PBXFileReference; lastKnownFileType = sourcecode.swift; path = ChildrenSubcategoryViewController.swift; sourceTree = "<group>"; };
		A54F25E924B8795C00567AF8 /* AcsessoriesSubcategoriesViewController.swift */ = {isa = PBXFileReference; lastKnownFileType = sourcecode.swift; path = AcsessoriesSubcategoriesViewController.swift; sourceTree = "<group>"; };
		A54F25EB24B8797E00567AF8 /* AcsessoriesSubcategoriesTableViewCell.swift */ = {isa = PBXFileReference; lastKnownFileType = sourcecode.swift; path = AcsessoriesSubcategoriesTableViewCell.swift; sourceTree = "<group>"; };
		A54F25EE24B8982700567AF8 /* CollectionsSubcategoriesTableViewCell.swift */ = {isa = PBXFileReference; lastKnownFileType = sourcecode.swift; path = CollectionsSubcategoriesTableViewCell.swift; sourceTree = "<group>"; };
		A54F25F024B8984000567AF8 /* CollectionsSubcategoriesViewController.swift */ = {isa = PBXFileReference; lastKnownFileType = sourcecode.swift; path = CollectionsSubcategoriesViewController.swift; sourceTree = "<group>"; };
		A550285E24A0E1F600774E0E /* BlackStarWear.app */ = {isa = PBXFileReference; explicitFileType = wrapper.application; includeInIndex = 0; path = BlackStarWear.app; sourceTree = BUILT_PRODUCTS_DIR; };
		A550286124A0E1F700774E0E /* AppDelegate.swift */ = {isa = PBXFileReference; lastKnownFileType = sourcecode.swift; path = AppDelegate.swift; sourceTree = "<group>"; };
		A550286324A0E1F700774E0E /* SceneDelegate.swift */ = {isa = PBXFileReference; lastKnownFileType = sourcecode.swift; path = SceneDelegate.swift; sourceTree = "<group>"; };
		A550286524A0E1F700774E0E /* SalesViewController.swift */ = {isa = PBXFileReference; lastKnownFileType = sourcecode.swift; path = SalesViewController.swift; sourceTree = "<group>"; };
		A550286824A0E1F700774E0E /* Base */ = {isa = PBXFileReference; lastKnownFileType = file.storyboard; name = Base; path = Base.lproj/Main.storyboard; sourceTree = "<group>"; };
		A550286A24A0E1FB00774E0E /* Assets.xcassets */ = {isa = PBXFileReference; lastKnownFileType = folder.assetcatalog; path = Assets.xcassets; sourceTree = "<group>"; };
		A550286D24A0E1FB00774E0E /* Base */ = {isa = PBXFileReference; lastKnownFileType = file.storyboard; name = Base; path = Base.lproj/LaunchScreen.storyboard; sourceTree = "<group>"; };
		A550286F24A0E1FB00774E0E /* Info.plist */ = {isa = PBXFileReference; lastKnownFileType = text.plist.xml; path = Info.plist; sourceTree = "<group>"; };
		A550287524A0F78E00774E0E /* TabBarController.swift */ = {isa = PBXFileReference; lastKnownFileType = sourcecode.swift; path = TabBarController.swift; sourceTree = "<group>"; };
		A550287924A1048100774E0E /* SalesStoryboard.storyboard */ = {isa = PBXFileReference; lastKnownFileType = file.storyboard; path = SalesStoryboard.storyboard; sourceTree = "<group>"; };
		A550287B24A104A100774E0E /* ClothesStoryboard.storyboard */ = {isa = PBXFileReference; lastKnownFileType = file.storyboard; path = ClothesStoryboard.storyboard; sourceTree = "<group>"; };
		A550287D24A104AF00774E0E /* HomeStoryboard.storyboard */ = {isa = PBXFileReference; lastKnownFileType = file.storyboard; path = HomeStoryboard.storyboard; sourceTree = "<group>"; };
		A550287F24A104C900774E0E /* ShoppingBagStoryboard.storyboard */ = {isa = PBXFileReference; lastKnownFileType = file.storyboard; path = ShoppingBagStoryboard.storyboard; sourceTree = "<group>"; };
		A550288124A104D700774E0E /* ProfileStoryboard.storyboard */ = {isa = PBXFileReference; lastKnownFileType = file.storyboard; path = ProfileStoryboard.storyboard; sourceTree = "<group>"; };
		A550288324A10B5F00774E0E /* ClothesViewController.swift */ = {isa = PBXFileReference; lastKnownFileType = sourcecode.swift; path = ClothesViewController.swift; sourceTree = "<group>"; };
		A550288524A10B8A00774E0E /* HomeViewController.swift */ = {isa = PBXFileReference; lastKnownFileType = sourcecode.swift; path = HomeViewController.swift; sourceTree = "<group>"; };
		A550288724A10B9E00774E0E /* ShoppingBagViewController.swift */ = {isa = PBXFileReference; lastKnownFileType = sourcecode.swift; path = ShoppingBagViewController.swift; sourceTree = "<group>"; };
		A550288924A10BA900774E0E /* ProfileViewController.swift */ = {isa = PBXFileReference; lastKnownFileType = sourcecode.swift; path = ProfileViewController.swift; sourceTree = "<group>"; };
		A55047E124C065E700DD27C0 /* SalesCollectionViewCell.swift */ = {isa = PBXFileReference; lastKnownFileType = sourcecode.swift; path = SalesCollectionViewCell.swift; sourceTree = "<group>"; };
		A5509BF924A2009600C3EBD7 /* CategoryTableViewCell.swift */ = {isa = PBXFileReference; lastKnownFileType = sourcecode.swift; path = CategoryTableViewCell.swift; sourceTree = "<group>"; };
		A5509BFE24A208EF00C3EBD7 /* CategoriesLoader.swift */ = {isa = PBXFileReference; lastKnownFileType = sourcecode.swift; path = CategoriesLoader.swift; sourceTree = "<group>"; };
		A5509C0124A260D300C3EBD7 /* InformationTableViewCell.swift */ = {isa = PBXFileReference; lastKnownFileType = sourcecode.swift; path = InformationTableViewCell.swift; sourceTree = "<group>"; };
		A5509C0324A2625200C3EBD7 /* InformationCellData.swift */ = {isa = PBXFileReference; lastKnownFileType = sourcecode.swift; path = InformationCellData.swift; sourceTree = "<group>"; };
		A5509C0924A2974A00C3EBD7 /* RegistrationViewController.swift */ = {isa = PBXFileReference; lastKnownFileType = sourcecode.swift; path = RegistrationViewController.swift; sourceTree = "<group>"; };
		A552000624CB530500D04F9A /* Alert.swift */ = {isa = PBXFileReference; lastKnownFileType = sourcecode.swift; path = Alert.swift; sourceTree = "<group>"; };
		A553E1A524A5DDDB00EE61E1 /* CertificateViewController.swift */ = {isa = PBXFileReference; lastKnownFileType = sourcecode.swift; path = CertificateViewController.swift; sourceTree = "<group>"; };
		A553E1A724A6126B00EE61E1 /* SendAsAGiftCertificateViewController.swift */ = {isa = PBXFileReference; lastKnownFileType = sourcecode.swift; path = SendAsAGiftCertificateViewController.swift; sourceTree = "<group>"; };
		A553E1A924A6189700EE61E1 /* SendYourselfContainerViewController.swift */ = {isa = PBXFileReference; lastKnownFileType = sourcecode.swift; path = SendYourselfContainerViewController.swift; sourceTree = "<group>"; };
		A553E1AC24A61CC200EE61E1 /* SendAsATestContainerViewController.swift */ = {isa = PBXFileReference; lastKnownFileType = sourcecode.swift; path = SendAsATestContainerViewController.swift; sourceTree = "<group>"; };
		A55922E824C59E89001DB104 /* AttributesTableViewCell.swift */ = {isa = PBXFileReference; lastKnownFileType = sourcecode.swift; path = AttributesTableViewCell.swift; sourceTree = "<group>"; };
		A55922EA24C635A7001DB104 /* ProductsInShoppingBagViewController.swift */ = {isa = PBXFileReference; lastKnownFileType = sourcecode.swift; path = ProductsInShoppingBagViewController.swift; sourceTree = "<group>"; };
		A55922EC24C635CD001DB104 /* ProductsInShoppingBagTableViewCell.swift */ = {isa = PBXFileReference; lastKnownFileType = sourcecode.swift; path = ProductsInShoppingBagTableViewCell.swift; sourceTree = "<group>"; };
		A55922EF24C636A2001DB104 /* Product.xcdatamodel */ = {isa = PBXFileReference; lastKnownFileType = wrapper.xcdatamodel; path = Product.xcdatamodel; sourceTree = "<group>"; };
		A55922F124C63725001DB104 /* Product+CoreDataClass.swift */ = {isa = PBXFileReference; lastKnownFileType = sourcecode.swift; path = "Product+CoreDataClass.swift"; sourceTree = "<group>"; };
		A55922F224C63725001DB104 /* Product+CoreDataProperties.swift */ = {isa = PBXFileReference; lastKnownFileType = sourcecode.swift; path = "Product+CoreDataProperties.swift"; sourceTree = "<group>"; };
		A55E6C5024B7BA1900E5CA46 /* WomensSubcategoriesViewController.swift */ = {isa = PBXFileReference; lastKnownFileType = sourcecode.swift; path = WomensSubcategoriesViewController.swift; sourceTree = "<group>"; };
		A55E6C5224B7BA3400E5CA46 /* WomensSubcategoriesTableViewCell.swift */ = {isa = PBXFileReference; lastKnownFileType = sourcecode.swift; path = WomensSubcategoriesTableViewCell.swift; sourceTree = "<group>"; };
/* End PBXFileReference section */

/* Begin PBXFrameworksBuildPhase section */
		A550285B24A0E1F600774E0E /* Frameworks */ = {
			isa = PBXFrameworksBuildPhase;
			buildActionMask = 2147483647;
			files = (
			);
			runOnlyForDeploymentPostprocessing = 0;
		};
/* End PBXFrameworksBuildPhase section */

/* Begin PBXGroup section */
		A54AAE3C24B8FAD9007EB792 /* Outlets's subcategories screen */ = {
			isa = PBXGroup;
			children = (
				A54AAE3D24B8FB18007EB792 /* OutletsSubcategoriesViewController.swift */,
				A54AAE3F24B8FB34007EB792 /* OutletsSubcategoriesTableViewCell.swift */,
			);
			path = "Outlets's subcategories screen";
			sourceTree = "<group>";
		};
		A54AAE4124B8FF9A007EB792 /* New's subcategories screen */ = {
			isa = PBXGroup;
			children = (
				A54AAE4224B8FFB7007EB792 /* NewsSubcategoriesTableViewCell.swift */,
				A54AAE4424B8FFCC007EB792 /* NewsSubcategoriesViewController.swift */,
			);
			path = "New's subcategories screen";
			sourceTree = "<group>";
		};
		A54B312224B0E153003E5D88 /* Men's subcategories screen */ = {
			isa = PBXGroup;
			children = (
				A54B312324B0E18A003E5D88 /* MensSubcategoriesViewController.swift */,
				A54B312524B0E1F7003E5D88 /* MensSubcategoryTableViewCell.swift */,
			);
			path = "Men's subcategories screen";
			sourceTree = "<group>";
		};
		A54E24D924B758AB00158BDE /* Extensions */ = {
			isa = PBXGroup;
			children = (
				A54E24DA24B758C300158BDE /* ImageLoader.swift */,
				A54E24DC24B758D000158BDE /* OrderingArray.swift */,
				A54D29F724C8862B0025E098 /* Persistance.swift */,
				A552000624CB530500D04F9A /* Alert.swift */,
			);
			path = Extensions;
			sourceTree = "<group>";
		};
		A54EB02D24BCDABB001D0608 /* Universal Goods Screen */ = {
			isa = PBXGroup;
			children = (
				A553364524BF97EE001872B2 /* Outlets */,
				A54EB02E24BCDAF8001D0608 /* UniversalGoodsViewController.swift */,
				A54EB03024BCDC3E001D0608 /* UniversalGoodsCollectionViewCell.swift */,
				A53BD55624BE247E0002182A /* UniversalDetailGoodsViewController.swift */,
				A53BD55824BE31870002182A /* UniversalDetailPopUpViewController.swift */,
				A53BD55A24BE31AF0002182A /* UniversalDetailPopUpTableViewCell.swift */,
			);
			path = "Universal Goods Screen";
			sourceTree = "<group>";
		};
		A54F25E324B8674600567AF8 /* Children's subcategories screen */ = {
			isa = PBXGroup;
			children = (
				A54F25E424B869EA00567AF8 /* ChildrenSubcategoryTableViewCell.swift */,
				A54F25E624B86A0500567AF8 /* ChildrenSubcategoryViewController.swift */,
			);
			path = "Children's subcategories screen";
			sourceTree = "<group>";
		};
		A54F25E824B8792500567AF8 /* Acsessories's subcategories screen */ = {
			isa = PBXGroup;
			children = (
				A54F25E924B8795C00567AF8 /* AcsessoriesSubcategoriesViewController.swift */,
				A54F25EB24B8797E00567AF8 /* AcsessoriesSubcategoriesTableViewCell.swift */,
			);
			path = "Acsessories's subcategories screen";
			sourceTree = "<group>";
		};
		A54F25ED24B8980400567AF8 /* Collections's subcategories screen */ = {
			isa = PBXGroup;
			children = (
				A54F25EE24B8982700567AF8 /* CollectionsSubcategoriesTableViewCell.swift */,
				A54F25F024B8984000567AF8 /* CollectionsSubcategoriesViewController.swift */,
			);
			path = "Collections's subcategories screen";
			sourceTree = "<group>";
		};
		A550285524A0E1F600774E0E = {
			isa = PBXGroup;
			children = (
				A55922F124C63725001DB104 /* Product+CoreDataClass.swift */,
				A55922F224C63725001DB104 /* Product+CoreDataProperties.swift */,
				A55922EE24C636A2001DB104 /* Product.xcdatamodeld */,
				A550286024A0E1F600774E0E /* BlackStarWear */,
				A550285F24A0E1F600774E0E /* Products */,
			);
			sourceTree = "<group>";
		};
		A550285F24A0E1F600774E0E /* Products */ = {
			isa = PBXGroup;
			children = (
				A550285E24A0E1F600774E0E /* BlackStarWear.app */,
			);
			name = Products;
			sourceTree = "<group>";
		};
		A550286024A0E1F600774E0E /* BlackStarWear */ = {
			isa = PBXGroup;
			children = (
				A54E24D924B758AB00158BDE /* Extensions */,
				A574A9FD24AE7C5800B23AA8 /* Model */,
				A550287824A1043500774E0E /* Storyboards */,
				A550287724A0F80700774E0E /* Controllers */,
				A550286A24A0E1FB00774E0E /* Assets.xcassets */,
				A550286C24A0E1FB00774E0E /* LaunchScreen.storyboard */,
				A550286F24A0E1FB00774E0E /* Info.plist */,
			);
			path = BlackStarWear;
			sourceTree = "<group>";
		};
		A550287724A0F80700774E0E /* Controllers */ = {
			isa = PBXGroup;
			children = (
				A574A9FC24AE7C4300B23AA8 /* Tab Bar Controllers */,
				A5509C0724A2866D00C3EBD7 /* Home */,
				A5509C0624A2866100C3EBD7 /* Sales */,
				A5509C0524A2863700C3EBD7 /* ShoppingBag */,
				A5509C0024A260B300C3EBD7 /* Profile */,
				A5509BFB24A200AE00C3EBD7 /* Clothes */,
			);
			path = Controllers;
			sourceTree = "<group>";
		};
		A550287824A1043500774E0E /* Storyboards */ = {
			isa = PBXGroup;
			children = (
				A551013824BA365E009A0F8C /* MainStoryboards */,
			);
			path = Storyboards;
			sourceTree = "<group>";
		};
		A5509BFB24A200AE00C3EBD7 /* Clothes */ = {
			isa = PBXGroup;
			children = (
				A574A9FB24AE7C2800B23AA8 /* CategoriesScreen */,
			);
			path = Clothes;
			sourceTree = "<group>";
		};
		A5509C0024A260B300C3EBD7 /* Profile */ = {
			isa = PBXGroup;
			children = (
				A553E1AB24A61B4C00EE61E1 /* CertificateContainerViews */,
				A550288924A10BA900774E0E /* ProfileViewController.swift */,
				A5509C0124A260D300C3EBD7 /* InformationTableViewCell.swift */,
				A5509C0324A2625200C3EBD7 /* InformationCellData.swift */,
				A5509C0924A2974A00C3EBD7 /* RegistrationViewController.swift */,
				A54CC89524A3818E0056513E /* ForgotPasswordViewController.swift */,
				A54CC89724A39DD50056513E /* ReturnViewController.swift */,
				A553E1A524A5DDDB00EE61E1 /* CertificateViewController.swift */,
			);
			path = Profile;
			sourceTree = "<group>";
		};
		A5509C0524A2863700C3EBD7 /* ShoppingBag */ = {
			isa = PBXGroup;
			children = (
				A550288724A10B9E00774E0E /* ShoppingBagViewController.swift */,
				A55922EA24C635A7001DB104 /* ProductsInShoppingBagViewController.swift */,
				A55922EC24C635CD001DB104 /* ProductsInShoppingBagTableViewCell.swift */,
			);
			path = ShoppingBag;
			sourceTree = "<group>";
		};
		A5509C0624A2866100C3EBD7 /* Sales */ = {
			isa = PBXGroup;
			children = (
				A550286524A0E1F700774E0E /* SalesViewController.swift */,
				A55047E124C065E700DD27C0 /* SalesCollectionViewCell.swift */,
				A54B3CF924C0C61500BF7D2D /* SalesDetailViewController.swift */,
				A54B3CFB24C0E0BC00BF7D2D /* SalesPopUpViewController.swift */,
				A54B3CFD24C0E0D700BF7D2D /* SalesPopUpTableViewCell.swift */,
				A54B031224C4D47D0000F79B /* SalesAttributesTableViewCell.swift */,
			);
			path = Sales;
			sourceTree = "<group>";
		};
		A5509C0724A2866D00C3EBD7 /* Home */ = {
			isa = PBXGroup;
			children = (
				A550288524A10B8A00774E0E /* HomeViewController.swift */,
				A54DE4C724C19DD400D7386E /* HomePhonePopUpViewController.swift */,
				A54DE4C924C1A5DD00D7386E /* WorldWideDeliveryViewController.swift */,
			);
			path = Home;
			sourceTree = "<group>";
		};
		A551013824BA365E009A0F8C /* MainStoryboards */ = {
			isa = PBXGroup;
			children = (
				A551013924BA3681009A0F8C /* mensClothes */,
				A550288124A104D700774E0E /* ProfileStoryboard.storyboard */,
				A550287F24A104C900774E0E /* ShoppingBagStoryboard.storyboard */,
				A550287D24A104AF00774E0E /* HomeStoryboard.storyboard */,
				A550287B24A104A100774E0E /* ClothesStoryboard.storyboard */,
				A550287924A1048100774E0E /* SalesStoryboard.storyboard */,
				A550286724A0E1F700774E0E /* Main.storyboard */,
			);
			path = MainStoryboards;
			sourceTree = "<group>";
		};
		A551013924BA3681009A0F8C /* mensClothes */ = {
			isa = PBXGroup;
			children = (
			);
			path = mensClothes;
			sourceTree = "<group>";
		};
		A553364524BF97EE001872B2 /* Outlets */ = {
			isa = PBXGroup;
			children = (
				A55922E824C59E89001DB104 /* AttributesTableViewCell.swift */,
			);
			path = Outlets;
			sourceTree = "<group>";
		};
		A553E1AB24A61B4C00EE61E1 /* CertificateContainerViews */ = {
			isa = PBXGroup;
			children = (
				A553E1A924A6189700EE61E1 /* SendYourselfContainerViewController.swift */,
				A553E1A724A6126B00EE61E1 /* SendAsAGiftCertificateViewController.swift */,
				A553E1AC24A61CC200EE61E1 /* SendAsATestContainerViewController.swift */,
			);
			path = CertificateContainerViews;
			sourceTree = "<group>";
		};
		A55E6C4F24B7B71800E5CA46 /* Women's subcategories screen */ = {
			isa = PBXGroup;
			children = (
				A55E6C5024B7BA1900E5CA46 /* WomensSubcategoriesViewController.swift */,
				A55E6C5224B7BA3400E5CA46 /* WomensSubcategoriesTableViewCell.swift */,
			);
			path = "Women's subcategories screen";
			sourceTree = "<group>";
		};
		A574A9FB24AE7C2800B23AA8 /* CategoriesScreen */ = {
			isa = PBXGroup;
			children = (
				A54EB02D24BCDABB001D0608 /* Universal Goods Screen */,
				A54AAE4124B8FF9A007EB792 /* New's subcategories screen */,
				A54AAE3C24B8FAD9007EB792 /* Outlets's subcategories screen */,
				A54F25ED24B8980400567AF8 /* Collections's subcategories screen */,
				A54F25E824B8792500567AF8 /* Acsessories's subcategories screen */,
				A54F25E324B8674600567AF8 /* Children's subcategories screen */,
				A55E6C4F24B7B71800E5CA46 /* Women's subcategories screen */,
				A54B312224B0E153003E5D88 /* Men's subcategories screen */,
				A5509BFE24A208EF00C3EBD7 /* CategoriesLoader.swift */,
				A550288324A10B5F00774E0E /* ClothesViewController.swift */,
				A5509BF924A2009600C3EBD7 /* CategoryTableViewCell.swift */,
				A54B312724B0F004003E5D88 /* GoodsLoader.swift */,
			);
			path = CategoriesScreen;
			sourceTree = "<group>";
		};
		A574A9FC24AE7C4300B23AA8 /* Tab Bar Controllers */ = {
			isa = PBXGroup;
			children = (
				A550287524A0F78E00774E0E /* TabBarController.swift */,
			);
			path = "Tab Bar Controllers";
			sourceTree = "<group>";
		};
		A574A9FD24AE7C5800B23AA8 /* Model */ = {
			isa = PBXGroup;
			children = (
				A550286324A0E1F700774E0E /* SceneDelegate.swift */,
				A550286124A0E1F700774E0E /* AppDelegate.swift */,
			);
			path = Model;
			sourceTree = "<group>";
		};
/* End PBXGroup section */

/* Begin PBXNativeTarget section */
		A550285D24A0E1F600774E0E /* BlackStarWear */ = {
			isa = PBXNativeTarget;
			buildConfigurationList = A550287224A0E1FB00774E0E /* Build configuration list for PBXNativeTarget "BlackStarWear" */;
			buildPhases = (
				A550285A24A0E1F600774E0E /* Sources */,
				A550285B24A0E1F600774E0E /* Frameworks */,
				A550285C24A0E1F600774E0E /* Resources */,
			);
			buildRules = (
			);
			dependencies = (
			);
			name = BlackStarWear;
			productName = BlackStarWear;
			productReference = A550285E24A0E1F600774E0E /* BlackStarWear.app */;
			productType = "com.apple.product-type.application";
		};
/* End PBXNativeTarget section */

/* Begin PBXProject section */
		A550285624A0E1F600774E0E /* Project object */ = {
			isa = PBXProject;
			attributes = {
				LastSwiftUpdateCheck = 1140;
				LastUpgradeCheck = 1140;
				ORGANIZATIONNAME = "Chsherbak Sergey";
				TargetAttributes = {
					A550285D24A0E1F600774E0E = {
						CreatedOnToolsVersion = 11.4.1;
					};
				};
			};
			buildConfigurationList = A550285924A0E1F600774E0E /* Build configuration list for PBXProject "BlackStarWear" */;
			compatibilityVersion = "Xcode 9.3";
			developmentRegion = en;
			hasScannedForEncodings = 0;
			knownRegions = (
				en,
				Base,
			);
			mainGroup = A550285524A0E1F600774E0E;
			productRefGroup = A550285F24A0E1F600774E0E /* Products */;
			projectDirPath = "";
			projectRoot = "";
			targets = (
				A550285D24A0E1F600774E0E /* BlackStarWear */,
			);
		};
/* End PBXProject section */

/* Begin PBXResourcesBuildPhase section */
		A550285C24A0E1F600774E0E /* Resources */ = {
			isa = PBXResourcesBuildPhase;
			buildActionMask = 2147483647;
			files = (
				A550286E24A0E1FB00774E0E /* LaunchScreen.storyboard in Resources */,
				A550288024A104C900774E0E /* ShoppingBagStoryboard.storyboard in Resources */,
				A550286B24A0E1FB00774E0E /* Assets.xcassets in Resources */,
				A550287E24A104AF00774E0E /* HomeStoryboard.storyboard in Resources */,
				A550287A24A1048100774E0E /* SalesStoryboard.storyboard in Resources */,
				A550288224A104D700774E0E /* ProfileStoryboard.storyboard in Resources */,
				A550287C24A104A100774E0E /* ClothesStoryboard.storyboard in Resources */,
				A550286924A0E1F700774E0E /* Main.storyboard in Resources */,
			);
			runOnlyForDeploymentPostprocessing = 0;
		};
/* End PBXResourcesBuildPhase section */

/* Begin PBXSourcesBuildPhase section */
		A550285A24A0E1F600774E0E /* Sources */ = {
			isa = PBXSourcesBuildPhase;
			buildActionMask = 2147483647;
			files = (
				A54DE4CA24C1A5DD00D7386E /* WorldWideDeliveryViewController.swift in Sources */,
				A553E1AD24A61CC200EE61E1 /* SendAsATestContainerViewController.swift in Sources */,
				A54F25EF24B8982700567AF8 /* CollectionsSubcategoriesTableViewCell.swift in Sources */,
				A54AAE4024B8FB34007EB792 /* OutletsSubcategoriesTableViewCell.swift in Sources */,
				A5509C0424A2625200C3EBD7 /* InformationCellData.swift in Sources */,
				A54F25EC24B8797E00567AF8 /* AcsessoriesSubcategoriesTableViewCell.swift in Sources */,
				A552000724CB530500D04F9A /* Alert.swift in Sources */,
				A54F25F124B8984000567AF8 /* CollectionsSubcategoriesViewController.swift in Sources */,
				A550288424A10B5F00774E0E /* ClothesViewController.swift in Sources */,
				A5509C0224A260D300C3EBD7 /* InformationTableViewCell.swift in Sources */,
				A55922F024C636A2001DB104 /* Product.xcdatamodeld in Sources */,
				A54AAE3E24B8FB18007EB792 /* OutletsSubcategoriesViewController.swift in Sources */,
				A54F25E524B869EA00567AF8 /* ChildrenSubcategoryTableViewCell.swift in Sources */,
				A550288824A10B9E00774E0E /* ShoppingBagViewController.swift in Sources */,
				A54DE4C824C19DD400D7386E /* HomePhonePopUpViewController.swift in Sources */,
				A55922E924C59E89001DB104 /* AttributesTableViewCell.swift in Sources */,
				A54B312624B0E1F7003E5D88 /* MensSubcategoryTableViewCell.swift in Sources */,
				A55E6C5124B7BA1900E5CA46 /* WomensSubcategoriesViewController.swift in Sources */,
				A5509C0A24A2974A00C3EBD7 /* RegistrationViewController.swift in Sources */,
				A54B312824B0F004003E5D88 /* GoodsLoader.swift in Sources */,
				A55047E224C065E700DD27C0 /* SalesCollectionViewCell.swift in Sources */,
				A550286624A0E1F700774E0E /* SalesViewController.swift in Sources */,
				A55922EB24C635A8001DB104 /* ProductsInShoppingBagViewController.swift in Sources */,
				A53BD55B24BE31AF0002182A /* UniversalDetailPopUpTableViewCell.swift in Sources */,
				A54B3CFC24C0E0BC00BF7D2D /* SalesPopUpViewController.swift in Sources */,
				A55922ED24C635CD001DB104 /* ProductsInShoppingBagTableViewCell.swift in Sources */,
				A53BD55924BE31870002182A /* UniversalDetailPopUpViewController.swift in Sources */,
				A55922F424C63725001DB104 /* Product+CoreDataProperties.swift in Sources */,
				A54AAE4324B8FFB7007EB792 /* NewsSubcategoriesTableViewCell.swift in Sources */,
				A54AAE4524B8FFCC007EB792 /* NewsSubcategoriesViewController.swift in Sources */,
				A55922F324C63725001DB104 /* Product+CoreDataClass.swift in Sources */,
				A54B3CFE24C0E0D700BF7D2D /* SalesPopUpTableViewCell.swift in Sources */,
				A5509BFF24A208EF00C3EBD7 /* CategoriesLoader.swift in Sources */,
				A53BD55724BE247E0002182A /* UniversalDetailGoodsViewController.swift in Sources */,
				A54E24DD24B758D000158BDE /* OrderingArray.swift in Sources */,
				A550287624A0F78E00774E0E /* TabBarController.swift in Sources */,
				A54B3CFA24C0C61500BF7D2D /* SalesDetailViewController.swift in Sources */,
				A54CC89624A3818E0056513E /* ForgotPasswordViewController.swift in Sources */,
				A54F25E724B86A0500567AF8 /* ChildrenSubcategoryViewController.swift in Sources */,
				A54D29F824C8862B0025E098 /* Persistance.swift in Sources */,
				A54EB03124BCDC3E001D0608 /* UniversalGoodsCollectionViewCell.swift in Sources */,
				A54B312424B0E18A003E5D88 /* MensSubcategoriesViewController.swift in Sources */,
				A54F25EA24B8795C00567AF8 /* AcsessoriesSubcategoriesViewController.swift in Sources */,
				A550286224A0E1F700774E0E /* AppDelegate.swift in Sources */,
				A55E6C5324B7BA3500E5CA46 /* WomensSubcategoriesTableViewCell.swift in Sources */,
				A54EB02F24BCDAF8001D0608 /* UniversalGoodsViewController.swift in Sources */,
				A550286424A0E1F700774E0E /* SceneDelegate.swift in Sources */,
				A550288A24A10BA900774E0E /* ProfileViewController.swift in Sources */,
				A54E24DB24B758C300158BDE /* ImageLoader.swift in Sources */,
				A553E1A624A5DDDB00EE61E1 /* CertificateViewController.swift in Sources */,
				A550288624A10B8A00774E0E /* HomeViewController.swift in Sources */,
				A553E1A824A6126B00EE61E1 /* SendAsAGiftCertificateViewController.swift in Sources */,
				A5509BFA24A2009600C3EBD7 /* CategoryTableViewCell.swift in Sources */,
				A54CC89824A39DD50056513E /* ReturnViewController.swift in Sources */,
				A54B031324C4D47D0000F79B /* SalesAttributesTableViewCell.swift in Sources */,
				A553E1AA24A6189700EE61E1 /* SendYourselfContainerViewController.swift in Sources */,
			);
			runOnlyForDeploymentPostprocessing = 0;
		};
/* End PBXSourcesBuildPhase section */

/* Begin PBXVariantGroup section */
		A550286724A0E1F700774E0E /* Main.storyboard */ = {
			isa = PBXVariantGroup;
			children = (
				A550286824A0E1F700774E0E /* Base */,
			);
			name = Main.storyboard;
			sourceTree = "<group>";
		};
		A550286C24A0E1FB00774E0E /* LaunchScreen.storyboard */ = {
			isa = PBXVariantGroup;
			children = (
				A550286D24A0E1FB00774E0E /* Base */,
			);
			name = LaunchScreen.storyboard;
			sourceTree = "<group>";
		};
/* End PBXVariantGroup section */

/* Begin XCBuildConfiguration section */
		A550287024A0E1FB00774E0E /* Debug */ = {
			isa = XCBuildConfiguration;
			buildSettings = {
				ALWAYS_SEARCH_USER_PATHS = NO;
				CLANG_ANALYZER_NONNULL = YES;
				CLANG_ANALYZER_NUMBER_OBJECT_CONVERSION = YES_AGGRESSIVE;
				CLANG_CXX_LANGUAGE_STANDARD = "gnu++14";
				CLANG_CXX_LIBRARY = "libc++";
				CLANG_ENABLE_MODULES = YES;
				CLANG_ENABLE_OBJC_ARC = YES;
				CLANG_ENABLE_OBJC_WEAK = YES;
				CLANG_WARN_BLOCK_CAPTURE_AUTORELEASING = YES;
				CLANG_WARN_BOOL_CONVERSION = YES;
				CLANG_WARN_COMMA = YES;
				CLANG_WARN_CONSTANT_CONVERSION = YES;
				CLANG_WARN_DEPRECATED_OBJC_IMPLEMENTATIONS = YES;
				CLANG_WARN_DIRECT_OBJC_ISA_USAGE = YES_ERROR;
				CLANG_WARN_DOCUMENTATION_COMMENTS = YES;
				CLANG_WARN_EMPTY_BODY = YES;
				CLANG_WARN_ENUM_CONVERSION = YES;
				CLANG_WARN_INFINITE_RECURSION = YES;
				CLANG_WARN_INT_CONVERSION = YES;
				CLANG_WARN_NON_LITERAL_NULL_CONVERSION = YES;
				CLANG_WARN_OBJC_IMPLICIT_RETAIN_SELF = YES;
				CLANG_WARN_OBJC_LITERAL_CONVERSION = YES;
				CLANG_WARN_OBJC_ROOT_CLASS = YES_ERROR;
				CLANG_WARN_RANGE_LOOP_ANALYSIS = YES;
				CLANG_WARN_STRICT_PROTOTYPES = YES;
				CLANG_WARN_SUSPICIOUS_MOVE = YES;
				CLANG_WARN_UNGUARDED_AVAILABILITY = YES_AGGRESSIVE;
				CLANG_WARN_UNREACHABLE_CODE = YES;
				CLANG_WARN__DUPLICATE_METHOD_MATCH = YES;
				COPY_PHASE_STRIP = NO;
				DEBUG_INFORMATION_FORMAT = dwarf;
				ENABLE_STRICT_OBJC_MSGSEND = YES;
				ENABLE_TESTABILITY = YES;
				GCC_C_LANGUAGE_STANDARD = gnu11;
				GCC_DYNAMIC_NO_PIC = NO;
				GCC_NO_COMMON_BLOCKS = YES;
				GCC_OPTIMIZATION_LEVEL = 0;
				GCC_PREPROCESSOR_DEFINITIONS = (
					"DEBUG=1",
					"$(inherited)",
				);
				GCC_WARN_64_TO_32_BIT_CONVERSION = YES;
				GCC_WARN_ABOUT_RETURN_TYPE = YES_ERROR;
				GCC_WARN_UNDECLARED_SELECTOR = YES;
				GCC_WARN_UNINITIALIZED_AUTOS = YES_AGGRESSIVE;
				GCC_WARN_UNUSED_FUNCTION = YES;
				GCC_WARN_UNUSED_VARIABLE = YES;
				IPHONEOS_DEPLOYMENT_TARGET = 13.4;
				MTL_ENABLE_DEBUG_INFO = INCLUDE_SOURCE;
				MTL_FAST_MATH = YES;
				ONLY_ACTIVE_ARCH = YES;
				SDKROOT = iphoneos;
				SWIFT_ACTIVE_COMPILATION_CONDITIONS = DEBUG;
				SWIFT_OPTIMIZATION_LEVEL = "-Onone";
			};
			name = Debug;
		};
		A550287124A0E1FB00774E0E /* Release */ = {
			isa = XCBuildConfiguration;
			buildSettings = {
				ALWAYS_SEARCH_USER_PATHS = NO;
				CLANG_ANALYZER_NONNULL = YES;
				CLANG_ANALYZER_NUMBER_OBJECT_CONVERSION = YES_AGGRESSIVE;
				CLANG_CXX_LANGUAGE_STANDARD = "gnu++14";
				CLANG_CXX_LIBRARY = "libc++";
				CLANG_ENABLE_MODULES = YES;
				CLANG_ENABLE_OBJC_ARC = YES;
				CLANG_ENABLE_OBJC_WEAK = YES;
				CLANG_WARN_BLOCK_CAPTURE_AUTORELEASING = YES;
				CLANG_WARN_BOOL_CONVERSION = YES;
				CLANG_WARN_COMMA = YES;
				CLANG_WARN_CONSTANT_CONVERSION = YES;
				CLANG_WARN_DEPRECATED_OBJC_IMPLEMENTATIONS = YES;
				CLANG_WARN_DIRECT_OBJC_ISA_USAGE = YES_ERROR;
				CLANG_WARN_DOCUMENTATION_COMMENTS = YES;
				CLANG_WARN_EMPTY_BODY = YES;
				CLANG_WARN_ENUM_CONVERSION = YES;
				CLANG_WARN_INFINITE_RECURSION = YES;
				CLANG_WARN_INT_CONVERSION = YES;
				CLANG_WARN_NON_LITERAL_NULL_CONVERSION = YES;
				CLANG_WARN_OBJC_IMPLICIT_RETAIN_SELF = YES;
				CLANG_WARN_OBJC_LITERAL_CONVERSION = YES;
				CLANG_WARN_OBJC_ROOT_CLASS = YES_ERROR;
				CLANG_WARN_RANGE_LOOP_ANALYSIS = YES;
				CLANG_WARN_STRICT_PROTOTYPES = YES;
				CLANG_WARN_SUSPICIOUS_MOVE = YES;
				CLANG_WARN_UNGUARDED_AVAILABILITY = YES_AGGRESSIVE;
				CLANG_WARN_UNREACHABLE_CODE = YES;
				CLANG_WARN__DUPLICATE_METHOD_MATCH = YES;
				COPY_PHASE_STRIP = NO;
				DEBUG_INFORMATION_FORMAT = "dwarf-with-dsym";
				ENABLE_NS_ASSERTIONS = NO;
				ENABLE_STRICT_OBJC_MSGSEND = YES;
				GCC_C_LANGUAGE_STANDARD = gnu11;
				GCC_NO_COMMON_BLOCKS = YES;
				GCC_WARN_64_TO_32_BIT_CONVERSION = YES;
				GCC_WARN_ABOUT_RETURN_TYPE = YES_ERROR;
				GCC_WARN_UNDECLARED_SELECTOR = YES;
				GCC_WARN_UNINITIALIZED_AUTOS = YES_AGGRESSIVE;
				GCC_WARN_UNUSED_FUNCTION = YES;
				GCC_WARN_UNUSED_VARIABLE = YES;
				IPHONEOS_DEPLOYMENT_TARGET = 13.4;
				MTL_ENABLE_DEBUG_INFO = NO;
				MTL_FAST_MATH = YES;
				SDKROOT = iphoneos;
				SWIFT_COMPILATION_MODE = wholemodule;
				SWIFT_OPTIMIZATION_LEVEL = "-O";
				VALIDATE_PRODUCT = YES;
			};
			name = Release;
		};
		A550287324A0E1FB00774E0E /* Debug */ = {
			isa = XCBuildConfiguration;
			buildSettings = {
				ASSETCATALOG_COMPILER_APPICON_NAME = AppIcon;
				CODE_SIGN_STYLE = Automatic;
				DEVELOPMENT_TEAM = GUF6JQVK4V;
				INFOPLIST_FILE = BlackStarWear/Info.plist;
				LD_RUNPATH_SEARCH_PATHS = (
					"$(inherited)",
					"@executable_path/Frameworks",
				);
				PRODUCT_BUNDLE_IDENTIFIER = com.chsherbaksergey.BlackStarWear;
				PRODUCT_NAME = "$(TARGET_NAME)";
				SWIFT_VERSION = 5.0;
				TARGETED_DEVICE_FAMILY = "1,2";
			};
			name = Debug;
		};
		A550287424A0E1FB00774E0E /* Release */ = {
			isa = XCBuildConfiguration;
			buildSettings = {
				ASSETCATALOG_COMPILER_APPICON_NAME = AppIcon;
				CODE_SIGN_STYLE = Automatic;
				DEVELOPMENT_TEAM = GUF6JQVK4V;
				INFOPLIST_FILE = BlackStarWear/Info.plist;
				LD_RUNPATH_SEARCH_PATHS = (
					"$(inherited)",
					"@executable_path/Frameworks",
				);
				PRODUCT_BUNDLE_IDENTIFIER = com.chsherbaksergey.BlackStarWear;
				PRODUCT_NAME = "$(TARGET_NAME)";
				SWIFT_VERSION = 5.0;
				TARGETED_DEVICE_FAMILY = "1,2";
			};
			name = Release;
		};
/* End XCBuildConfiguration section */

/* Begin XCConfigurationList section */
		A550285924A0E1F600774E0E /* Build configuration list for PBXProject "BlackStarWear" */ = {
			isa = XCConfigurationList;
			buildConfigurations = (
				A550287024A0E1FB00774E0E /* Debug */,
				A550287124A0E1FB00774E0E /* Release */,
			);
			defaultConfigurationIsVisible = 0;
			defaultConfigurationName = Release;
		};
		A550287224A0E1FB00774E0E /* Build configuration list for PBXNativeTarget "BlackStarWear" */ = {
			isa = XCConfigurationList;
			buildConfigurations = (
				A550287324A0E1FB00774E0E /* Debug */,
				A550287424A0E1FB00774E0E /* Release */,
			);
			defaultConfigurationIsVisible = 0;
			defaultConfigurationName = Release;
		};
/* End XCConfigurationList section */

/* Begin XCVersionGroup section */
		A55922EE24C636A2001DB104 /* Product.xcdatamodeld */ = {
			isa = XCVersionGroup;
			children = (
				A55922EF24C636A2001DB104 /* Product.xcdatamodel */,
			);
			currentVersion = A55922EF24C636A2001DB104 /* Product.xcdatamodel */;
			path = Product.xcdatamodeld;
			sourceTree = "<group>";
			versionGroupType = wrapper.xcdatamodel;
		};
/* End XCVersionGroup section */
	};
	rootObject = A550285624A0E1F600774E0E /* Project object */;
}
